
Microsoft Visual Studio Solution File, Format Version 12.00
# Visual Studio Version 17
VisualStudioVersion = 17.2.32427.441
MinimumVisualStudioVersion = 10.0.40219.1
Project("{FAE04EC0-301F-11D3-BF4B-00C04F79EFBC}") = "GpScanner", "GpScanner\GpScanner.csproj", "{D6F45C48-676A-4AB5-85E7-E404B548EDF0}"
EndProject
Project("{FAE04EC0-301F-11D3-BF4B-00C04F79EFBC}") = "TwainControl", "GpScanner\TwainControl\TwainControl.csproj", "{E18BDB1B-1D7C-4F60-85B1-53EAE13074C4}"
EndProject
Project("{FAE04EC0-301F-11D3-BF4B-00C04F79EFBC}") = "Extensions", "Extensions\Extensions.csproj", "{22B9A127-5E74-4534-BFC4-A3349544C52C}"
EndProject
Project("{FAE04EC0-301F-11D3-BF4B-00C04F79EFBC}") = "TwainWpf", "TwainWpf\TwainWpf.csproj", "{8304C254-E3D2-4553-B596-F028B8D9B740}"
EndProject
Project("{FAE04EC0-301F-11D3-BF4B-00C04F79EFBC}") = "PdfViewer", "PdfViewer\PdfViewer.csproj", "{EA1285BA-203E-4D61-A869-7567966E5367}"
EndProject
Project("{FAE04EC0-301F-11D3-BF4B-00C04F79EFBC}") = "Ocr", "Ocr\Ocr.csproj", "{A9495099-87CE-4478-8555-8701F2989145}"
EndProject
Project("{FAE04EC0-301F-11D3-BF4B-00C04F79EFBC}") = "MozJpeg", "MozJpeg\MozJpeg.csproj", "{6745DD23-9224-40D5-88F8-26637C3F4CF3}"
EndProject
Project("{9A19103F-16F7-4668-BE54-9A1E7A4F7556}") = "Tesseract", "Tesseract\Tesseract.csproj", "{90CD387E-F846-4CFF-BE2A-75315DAE4584}"
EndProject
Project("{FAE04EC0-301F-11D3-BF4B-00C04F79EFBC}") = "UdfParser", "UdfParser\UdfParser.csproj", "{39ACE1C2-42EB-4BDD-89BF-2B73C82B7925}"
EndProject
Project("{FAE04EC0-301F-11D3-BF4B-00C04F79EFBC}") = "DvdBurner", "DvdBurner\DvdBurner.csproj", "{C6C8A1DE-A0CC-4A51-9C5C-41A5BD328D9F}"
EndProject
Global
	GlobalSection(SolutionConfigurationPlatforms) = preSolution
		Debug|Any CPU = Debug|Any CPU
		Debug|x86 = Debug|x86
		Release|Any CPU = Release|Any CPU
		Release|x86 = Release|x86
		x64|Any CPU = x64|Any CPU
		x64|x86 = x64|x86
	EndGlobalSection
	GlobalSection(ProjectConfigurationPlatforms) = postSolution
		{D6F45C48-676A-4AB5-85E7-E404B548EDF0}.Debug|Any CPU.ActiveCfg = Debug|Any CPU
		{D6F45C48-676A-4AB5-85E7-E404B548EDF0}.Debug|Any CPU.Build.0 = Debug|Any CPU
		{D6F45C48-676A-4AB5-85E7-E404B548EDF0}.Debug|x86.ActiveCfg = Debug|Any CPU
		{D6F45C48-676A-4AB5-85E7-E404B548EDF0}.Debug|x86.Build.0 = Debug|Any CPU
		{D6F45C48-676A-4AB5-85E7-E404B548EDF0}.Release|Any CPU.ActiveCfg = Release|Any CPU
		{D6F45C48-676A-4AB5-85E7-E404B548EDF0}.Release|Any CPU.Build.0 = Release|Any CPU
		{D6F45C48-676A-4AB5-85E7-E404B548EDF0}.Release|x86.ActiveCfg = Release|Any CPU
		{D6F45C48-676A-4AB5-85E7-E404B548EDF0}.Release|x86.Build.0 = Release|Any CPU
		{D6F45C48-676A-4AB5-85E7-E404B548EDF0}.x64|Any CPU.ActiveCfg = x64|Any CPU
		{D6F45C48-676A-4AB5-85E7-E404B548EDF0}.x64|Any CPU.Build.0 = x64|Any CPU
		{D6F45C48-676A-4AB5-85E7-E404B548EDF0}.x64|x86.ActiveCfg = x64|Any CPU
		{D6F45C48-676A-4AB5-85E7-E404B548EDF0}.x64|x86.Build.0 = x64|Any CPU
		{E18BDB1B-1D7C-4F60-85B1-53EAE13074C4}.Debug|Any CPU.ActiveCfg = Debug|Any CPU
		{E18BDB1B-1D7C-4F60-85B1-53EAE13074C4}.Debug|Any CPU.Build.0 = Debug|Any CPU
		{E18BDB1B-1D7C-4F60-85B1-53EAE13074C4}.Debug|x86.ActiveCfg = Debug|Any CPU
		{E18BDB1B-1D7C-4F60-85B1-53EAE13074C4}.Debug|x86.Build.0 = Debug|Any CPU
		{E18BDB1B-1D7C-4F60-85B1-53EAE13074C4}.Release|Any CPU.ActiveCfg = Release|Any CPU
		{E18BDB1B-1D7C-4F60-85B1-53EAE13074C4}.Release|Any CPU.Build.0 = Release|Any CPU
		{E18BDB1B-1D7C-4F60-85B1-53EAE13074C4}.Release|x86.ActiveCfg = Release|Any CPU
		{E18BDB1B-1D7C-4F60-85B1-53EAE13074C4}.Release|x86.Build.0 = Release|Any CPU
		{E18BDB1B-1D7C-4F60-85B1-53EAE13074C4}.x64|Any CPU.ActiveCfg = x64|Any CPU
		{E18BDB1B-1D7C-4F60-85B1-53EAE13074C4}.x64|Any CPU.Build.0 = x64|Any CPU
		{E18BDB1B-1D7C-4F60-85B1-53EAE13074C4}.x64|x86.ActiveCfg = x64|Any CPU
		{E18BDB1B-1D7C-4F60-85B1-53EAE13074C4}.x64|x86.Build.0 = x64|Any CPU
		{22B9A127-5E74-4534-BFC4-A3349544C52C}.Debug|Any CPU.ActiveCfg = Debug|Any CPU
		{22B9A127-5E74-4534-BFC4-A3349544C52C}.Debug|Any CPU.Build.0 = Debug|Any CPU
		{22B9A127-5E74-4534-BFC4-A3349544C52C}.Debug|x86.ActiveCfg = Debug|Any CPU
		{22B9A127-5E74-4534-BFC4-A3349544C52C}.Debug|x86.Build.0 = Debug|Any CPU
		{22B9A127-5E74-4534-BFC4-A3349544C52C}.Release|Any CPU.ActiveCfg = Release|Any CPU
		{22B9A127-5E74-4534-BFC4-A3349544C52C}.Release|Any CPU.Build.0 = Release|Any CPU
		{22B9A127-5E74-4534-BFC4-A3349544C52C}.Release|x86.ActiveCfg = Release|Any CPU
		{22B9A127-5E74-4534-BFC4-A3349544C52C}.Release|x86.Build.0 = Release|Any CPU
		{22B9A127-5E74-4534-BFC4-A3349544C52C}.x64|Any CPU.ActiveCfg = x64|Any CPU
		{22B9A127-5E74-4534-BFC4-A3349544C52C}.x64|Any CPU.Build.0 = x64|Any CPU
		{22B9A127-5E74-4534-BFC4-A3349544C52C}.x64|x86.ActiveCfg = x64|Any CPU
		{22B9A127-5E74-4534-BFC4-A3349544C52C}.x64|x86.Build.0 = x64|Any CPU
		{8304C254-E3D2-4553-B596-F028B8D9B740}.Debug|Any CPU.ActiveCfg = Debug|Any CPU
		{8304C254-E3D2-4553-B596-F028B8D9B740}.Debug|Any CPU.Build.0 = Debug|Any CPU
		{8304C254-E3D2-4553-B596-F028B8D9B740}.Debug|x86.ActiveCfg = Debug|x86
		{8304C254-E3D2-4553-B596-F028B8D9B740}.Debug|x86.Build.0 = Debug|x86
		{8304C254-E3D2-4553-B596-F028B8D9B740}.Release|Any CPU.ActiveCfg = Release|Any CPU
		{8304C254-E3D2-4553-B596-F028B8D9B740}.Release|Any CPU.Build.0 = Release|Any CPU
		{8304C254-E3D2-4553-B596-F028B8D9B740}.Release|x86.ActiveCfg = Release|x86
		{8304C254-E3D2-4553-B596-F028B8D9B740}.Release|x86.Build.0 = Release|x86
		{8304C254-E3D2-4553-B596-F028B8D9B740}.x64|Any CPU.ActiveCfg = x64|Any CPU
		{8304C254-E3D2-4553-B596-F028B8D9B740}.x64|Any CPU.Build.0 = x64|Any CPU
		{8304C254-E3D2-4553-B596-F028B8D9B740}.x64|x86.ActiveCfg = x64|x86
		{8304C254-E3D2-4553-B596-F028B8D9B740}.x64|x86.Build.0 = x64|x86
		{EA1285BA-203E-4D61-A869-7567966E5367}.Debug|Any CPU.ActiveCfg = Debug|Any CPU
		{EA1285BA-203E-4D61-A869-7567966E5367}.Debug|Any CPU.Build.0 = Debug|Any CPU
		{EA1285BA-203E-4D61-A869-7567966E5367}.Debug|x86.ActiveCfg = Debug|Any CPU
		{EA1285BA-203E-4D61-A869-7567966E5367}.Debug|x86.Build.0 = Debug|Any CPU
		{EA1285BA-203E-4D61-A869-7567966E5367}.Release|Any CPU.ActiveCfg = Release|Any CPU
		{EA1285BA-203E-4D61-A869-7567966E5367}.Release|Any CPU.Build.0 = Release|Any CPU
		{EA1285BA-203E-4D61-A869-7567966E5367}.Release|x86.ActiveCfg = Release|Any CPU
		{EA1285BA-203E-4D61-A869-7567966E5367}.Release|x86.Build.0 = Release|Any CPU
		{EA1285BA-203E-4D61-A869-7567966E5367}.x64|Any CPU.ActiveCfg = x64|Any CPU
		{EA1285BA-203E-4D61-A869-7567966E5367}.x64|Any CPU.Build.0 = x64|Any CPU
		{EA1285BA-203E-4D61-A869-7567966E5367}.x64|x86.ActiveCfg = x64|Any CPU
		{EA1285BA-203E-4D61-A869-7567966E5367}.x64|x86.Build.0 = x64|Any CPU
		{A9495099-87CE-4478-8555-8701F2989145}.Debug|Any CPU.ActiveCfg = Debug|Any CPU
		{A9495099-87CE-4478-8555-8701F2989145}.Debug|Any CPU.Build.0 = Debug|Any CPU
		{A9495099-87CE-4478-8555-8701F2989145}.Debug|x86.ActiveCfg = Debug|Any CPU
		{A9495099-87CE-4478-8555-8701F2989145}.Debug|x86.Build.0 = Debug|Any CPU
		{A9495099-87CE-4478-8555-8701F2989145}.Release|Any CPU.ActiveCfg = Release|Any CPU
		{A9495099-87CE-4478-8555-8701F2989145}.Release|Any CPU.Build.0 = Release|Any CPU
		{A9495099-87CE-4478-8555-8701F2989145}.Release|x86.ActiveCfg = Release|Any CPU
		{A9495099-87CE-4478-8555-8701F2989145}.Release|x86.Build.0 = Release|Any CPU
		{A9495099-87CE-4478-8555-8701F2989145}.x64|Any CPU.ActiveCfg = x64|Any CPU
		{A9495099-87CE-4478-8555-8701F2989145}.x64|Any CPU.Build.0 = x64|Any CPU
		{A9495099-87CE-4478-8555-8701F2989145}.x64|x86.ActiveCfg = x64|Any CPU
		{A9495099-87CE-4478-8555-8701F2989145}.x64|x86.Build.0 = x64|Any CPU
		{6745DD23-9224-40D5-88F8-26637C3F4CF3}.Debug|Any CPU.ActiveCfg = Debug|Any CPU
		{6745DD23-9224-40D5-88F8-26637C3F4CF3}.Debug|Any CPU.Build.0 = Debug|Any CPU
		{6745DD23-9224-40D5-88F8-26637C3F4CF3}.Debug|x86.ActiveCfg = Debug|Any CPU
		{6745DD23-9224-40D5-88F8-26637C3F4CF3}.Debug|x86.Build.0 = Debug|Any CPU
		{6745DD23-9224-40D5-88F8-26637C3F4CF3}.Release|Any CPU.ActiveCfg = Release|Any CPU
		{6745DD23-9224-40D5-88F8-26637C3F4CF3}.Release|Any CPU.Build.0 = Release|Any CPU
		{6745DD23-9224-40D5-88F8-26637C3F4CF3}.Release|x86.ActiveCfg = Release|Any CPU
		{6745DD23-9224-40D5-88F8-26637C3F4CF3}.Release|x86.Build.0 = Release|Any CPU
		{6745DD23-9224-40D5-88F8-26637C3F4CF3}.x64|Any CPU.ActiveCfg = x64|Any CPU
		{6745DD23-9224-40D5-88F8-26637C3F4CF3}.x64|Any CPU.Build.0 = x64|Any CPU
		{6745DD23-9224-40D5-88F8-26637C3F4CF3}.x64|x86.ActiveCfg = x64|Any CPU
		{6745DD23-9224-40D5-88F8-26637C3F4CF3}.x64|x86.Build.0 = x64|Any CPU
		{90CD387E-F846-4CFF-BE2A-75315DAE4584}.Debug|Any CPU.ActiveCfg = Debug|Any CPU
		{90CD387E-F846-4CFF-BE2A-75315DAE4584}.Debug|Any CPU.Build.0 = Debug|Any CPU
		{90CD387E-F846-4CFF-BE2A-75315DAE4584}.Debug|x86.ActiveCfg = Debug|Any CPU
		{90CD387E-F846-4CFF-BE2A-75315DAE4584}.Debug|x86.Build.0 = Debug|Any CPU
		{90CD387E-F846-4CFF-BE2A-75315DAE4584}.Release|Any CPU.ActiveCfg = Release|Any CPU
		{90CD387E-F846-4CFF-BE2A-75315DAE4584}.Release|Any CPU.Build.0 = Release|Any CPU
		{90CD387E-F846-4CFF-BE2A-75315DAE4584}.Release|x86.ActiveCfg = Release|Any CPU
		{90CD387E-F846-4CFF-BE2A-75315DAE4584}.Release|x86.Build.0 = Release|Any CPU
		{90CD387E-F846-4CFF-BE2A-75315DAE4584}.x64|Any CPU.ActiveCfg = Debug|Any CPU
		{90CD387E-F846-4CFF-BE2A-75315DAE4584}.x64|Any CPU.Build.0 = Debug|Any CPU
		{90CD387E-F846-4CFF-BE2A-75315DAE4584}.x64|x86.ActiveCfg = Debug|Any CPU
		{90CD387E-F846-4CFF-BE2A-75315DAE4584}.x64|x86.Build.0 = Debug|Any CPU
		{39ACE1C2-42EB-4BDD-89BF-2B73C82B7925}.Debug|Any CPU.ActiveCfg = Debug|Any CPU
		{39ACE1C2-42EB-4BDD-89BF-2B73C82B7925}.Debug|Any CPU.Build.0 = Debug|Any CPU
		{39ACE1C2-42EB-4BDD-89BF-2B73C82B7925}.Debug|x86.ActiveCfg = Debug|Any CPU
		{39ACE1C2-42EB-4BDD-89BF-2B73C82B7925}.Debug|x86.Build.0 = Debug|Any CPU
		{39ACE1C2-42EB-4BDD-89BF-2B73C82B7925}.Release|Any CPU.ActiveCfg = Release|Any CPU
		{39ACE1C2-42EB-4BDD-89BF-2B73C82B7925}.Release|Any CPU.Build.0 = Release|Any CPU
		{39ACE1C2-42EB-4BDD-89BF-2B73C82B7925}.Release|x86.ActiveCfg = Release|Any CPU
		{39ACE1C2-42EB-4BDD-89BF-2B73C82B7925}.Release|x86.Build.0 = Release|Any CPU
		{39ACE1C2-42EB-4BDD-89BF-2B73C82B7925}.x64|Any CPU.ActiveCfg = Debug|Any CPU
		{39ACE1C2-42EB-4BDD-89BF-2B73C82B7925}.x64|Any CPU.Build.0 = Debug|Any CPU
		{39ACE1C2-42EB-4BDD-89BF-2B73C82B7925}.x64|x86.ActiveCfg = Debug|Any CPU
		{39ACE1C2-42EB-4BDD-89BF-2B73C82B7925}.x64|x86.Build.0 = Debug|Any CPU
		{C6C8A1DE-A0CC-4A51-9C5C-41A5BD328D9F}.Debug|Any CPU.ActiveCfg = Debug|Any CPU
		{C6C8A1DE-A0CC-4A51-9C5C-41A5BD328D9F}.Debug|Any CPU.Build.0 = Debug|Any CPU
		{C6C8A1DE-A0CC-4A51-9C5C-41A5BD328D9F}.Debug|x86.ActiveCfg = Debug|Any CPU
		{C6C8A1DE-A0CC-4A51-9C5C-41A5BD328D9F}.Debug|x86.Build.0 = Debug|Any CPU
		{C6C8A1DE-A0CC-4A51-9C5C-41A5BD328D9F}.Release|Any CPU.ActiveCfg = Release|Any CPU
		{C6C8A1DE-A0CC-4A51-9C5C-41A5BD328D9F}.Release|Any CPU.Build.0 = Release|Any CPU
		{C6C8A1DE-A0CC-4A51-9C5C-41A5BD328D9F}.Release|x86.ActiveCfg = Release|Any CPU
		{C6C8A1DE-A0CC-4A51-9C5C-41A5BD328D9F}.Release|x86.Build.0 = Release|Any CPU
		{C6C8A1DE-A0CC-4A51-9C5C-41A5BD328D9F}.x64|Any CPU.ActiveCfg = Debug|Any CPU
		{C6C8A1DE-A0CC-4A51-9C5C-41A5BD328D9F}.x64|Any CPU.Build.0 = Debug|Any CPU
		{C6C8A1DE-A0CC-4A51-9C5C-41A5BD328D9F}.x64|x86.ActiveCfg = Debug|Any CPU
		{C6C8A1DE-A0CC-4A51-9C5C-41A5BD328D9F}.x64|x86.Build.0 = Debug|Any CPU
	EndGlobalSection
	GlobalSection(SolutionProperties) = preSolution
		HideSolutionNode = FALSE
	EndGlobalSection
	GlobalSection(ExtensibilityGlobals) = postSolution
		SolutionGuid = {19CE91FE-B06F-46AF-9A91-920DA2C3AA3F}
	EndGlobalSection
EndGlobal
